github.com/aws/aws-lambda-go v1.11.1 h1:wuOnhS5aqzPOWns71FO35PtbtBKHr4MYsPVt5qXLSfI=
github.com/aws/aws-lambda-go v1.11.1/go.mod h1:Rr2SMTLeSMKgD45uep9V/NP8tnbCcySgu04cx0k/6cw=
github.com/aws/aws-sdk-go v1.20.17 h1:ZQ0cM9FpuufVDHlNViD8vD68IkEQL/VUOMwJPBqkaaM=
github.com/aws/aws-sdk-go v1.20.17/go.mod h1:KmX6BPdI08NWTb3/sm4ZGu5ShLoqVDhKgpiN924inxo=
github.com/aws/aws-sdk-go v1.20.18 h1:k8y5kuh6w8Jw8AOoXAZBygCTDmGNMqfkZK5/OffOB0E=
github.com/aws/aws-sdk-go v1.20.18/go.mod h1:KmX6BPdI08NWTb3/sm4ZGu5ShLoqVDhKgpiN924inxo=
github.com/aws/aws-sdk-go v1.20.19 h1:RQDLGGlcffQzAceEXGdMu+uGGPGhNu+vNG3BrUZAMPI=
github.com/aws/aws-sdk-go v1.20.19/go.mod h1:KmX6BPdI08NWTb3/sm4ZGu5ShLoqVDhKgpiN924inxo=
github.com/aws/aws-sdk-go v1.20.20 h1:OAR/GtjMOhenkp1NNKr1N1FgIP3mQXHeGbRhvVIAQp0=
github.com/aws/aws-sdk-go v1.20.20/go.mod h1:KmX6BPdI08NWTb3/sm4ZGu5ShLoqVDhKgpiN924inxo=
github.com/aws/aws-sdk-go v1.20.21 h1:22vHWL9rur+SRTYPHAXlxJMFIA9OSYsYDIAHFDhQ7Z0=
github.com/aws/aws-sdk-go v1.20.21/go.mod h1:KmX6BPdI08NWTb3/sm4ZGu5ShLoqVDhKgpiN924inxo=
github.com/davecgh/go-spew v1.1.0/go.mod h1:J7Y8YcW2NihsgmVo/mv3lAwl/skON4iLHjSsI+c5H38=
github.com/davecgh/go-spew v1.1.1 h1:vj9j/u1bqnvCEfJOwUhtlOARqs3+rkHYY13jYWTU97c=
github.com/davecgh/go-spew v1.1.1/go.mod h1:J7Y8YcW2NihsgmVo/mv3lAwl/skON4iLHjSsI+c5H38=
github.com/google/pprof v0.0.0-20190515194954-54271f7e092f h1:Jnx61latede7zDD3DiiP4gmNz33uK0U5HDUaF0a/HVQ=
github.com/google/pprof v0.0.0-20190515194954-54271f7e092f/go.mod h1:zfwlbNMJ+OItoe0UupaVj+oy1omPYYDuagoSzA8v9mc=
github.com/google/uuid v1.1.1 h1:Gkbcsh/GbpXz7lPftLA3P6TYMwjCLYm83jiFQZF/3gY=
github.com/google/uuid v1.1.1/go.mod h1:TIyPZe4MgqvfeYDBFedMoGGpEw/LqOeaOT+nhxU+yHo=
github.com/ianlancetaylor/demangle v0.0.0-20181102032728-5e5cf60278f6 h1:UDMh68UUwekSh5iP2OMhRRZJiiBccgV7axzUG8vi56c=
github.com/ianlancetaylor/demangle v0.0.0-20181102032728-5e5cf60278f6/go.mod h1:aSSvb/t6k1mPoxDqO4vJh6VOCGPwU4O0C2/Eqndh1Sc=
github.com/jmespath/go-jmespath v0.0.0-20180206201540-c2b33e8439af h1:pmfjZENx5imkbgOkpRUYLnmbU7UEFbjtDA2hxJ1ichM=
github.com/jmespath/go-jmespath v0.0.0-20180206201540-c2b33e8439af/go.mod h1:Nht3zPeWKUH0NzdCt2Blrr5ys8VGpn0CEB0cQHVjt7k=
github.com/konsorten/go-windows-terminal-sequences v1.0.1/go.mod h1:T0+1ngSBFLxvqU3pZ+m/2kptfBszLMUkC4ZK/EgS/cQ=
github.com/konsorten/go-windows-terminal-sequences v1.0.2/go.mod h1:T0+1ngSBFLxvqU3pZ+m/2kptfBszLMUkC4ZK/EgS/cQ=
github.com/lib/pq v1.1.1 h1:sJZmqHoEaY7f+NPP8pgLB/WxulyR3fewgCM2qaSlBb4=
github.com/lib/pq v1.1.1/go.mod h1:5WUZQaWbwv1U+lTReE5YruASi9Al49XbQIvNi/34Woo=
github.com/lib/pq v1.2.0/go.mod h1:5WUZQaWbwv1U+lTReE5YruASi9Al49XbQIvNi/34Woo=
github.com/pmezard/go-difflib v1.0.0 h1:4DBwDE0NGyQoBHbLQYPwSUPoCMWR5BEzIk/f1lZbAQM=
github.com/pmezard/go-difflib v1.0.0/go.mod h1:iKH77koFhYxTK1pcRnkKkqfTogsbg7gZNVY4sRDYZ/4=
github.com/seniorescobar/bolha v0.0.0-20190709155913-33edf22a6649 h1:F5N6wf7KSgNnMnm9dNogwCEFLWg+BCsHxaCS2Q5bVBo=
github.com/seniorescobar/bolha v0.0.0-20190709155913-33edf22a6649/go.mod h1:lm3oOQH1TI4PHs/B1ss30J6q1/0lIfVAQGitozXA7Dg=
github.com/seniorescobar/bolha v0.0.0-20190709185125-c613c890254c h1:EJcZU+pU11Ob5n9Z/QbxhKqP9EI7WzvTJiPjBbO9I2U=
github.com/seniorescobar/bolha v0.0.0-20190709185125-c613c890254c/go.mod h1:lm3oOQH1TI4PHs/B1ss30J6q1/0lIfVAQGitozXA7Dg=
github.com/seniorescobar/bolha v0.0.0-20190710093656-ba075c35fc45 h1:nY5Y7DKoaKUvIXtS97Te6Nw8pPyskrqVd5K372KA0zM=
github.com/seniorescobar/bolha v0.0.0-20190710093656-ba075c35fc45/go.mod h1:lm3oOQH1TI4PHs/B1ss30J6q1/0lIfVAQGitozXA7Dg=
github.com/seniorescobar/bolha v0.0.0-20190710120728-9d2887cc9320 h1:7opAS8MkIJNfK+OvhCdYje0aXUAe9YWsJlMgBlLrZsA=
github.com/seniorescobar/bolha v0.0.0-20190710120728-9d2887cc9320/go.mod h1:lm3oOQH1TI4PHs/B1ss30J6q1/0lIfVAQGitozXA7Dg=
github.com/seniorescobar/bolha v0.0.0-20190710134703-0f1677ca54ef h1:N/slFgxBMbLifY2Sr3hRF8EzLuEnkC8XSGzC56famG0=
github.com/seniorescobar/bolha v0.0.0-20190710134703-0f1677ca54ef/go.mod h1:lm3oOQH1TI4PHs/B1ss30J6q1/0lIfVAQGitozXA7Dg=
github.com/seniorescobar/bolha v0.0.0-20190710140113-3dfa1dbedb53 h1:3N6xSpmWwd21vZi3nu1CtlgPVCIjTn8Es5bLAAU9Gh4=
github.com/seniorescobar/bolha v0.0.0-20190710140113-3dfa1dbedb53/go.mod h1:lm3oOQH1TI4PHs/B1ss30J6q1/0lIfVAQGitozXA7Dg=
github.com/seniorescobar/bolha v0.0.0-20190710140520-0f813d7e43cc h1:eIjhHtaXmTr0SfjEQfAKkBZmrLtoPyguDroto9xXtbU=
github.com/seniorescobar/bolha v0.0.0-20190710140520-0f813d7e43cc/go.mod h1:lm3oOQH1TI4PHs/B1ss30J6q1/0lIfVAQGitozXA7Dg=
github.com/seniorescobar/bolha v0.0.0-20190711132831-20ef5cf0c7a9 h1:n8AFnU0feElguP2N3Mx0yTog5oQP9Lih3ttMbWyRZnI=
github.com/seniorescobar/bolha v0.0.0-20190711132831-20ef5cf0c7a9/go.mod h1:lm3oOQH1TI4PHs/B1ss30J6q1/0lIfVAQGitozXA7Dg=
github.com/seniorescobar/bolha v0.0.0-20190711133027-62f015472715 h1:gXXU7xUmoZFGrEOgmxBDpNGcoZnfh4EFpfccpu0XmHE=
github.com/seniorescobar/bolha v0.0.0-20190711133027-62f015472715/go.mod h1:lm3oOQH1TI4PHs/B1ss30J6q1/0lIfVAQGitozXA7Dg=
github.com/seniorescobar/bolha v0.0.0-20190711154104-0ccb9a52fc26 h1:nfVlqokzX0tkdB3Na8y9LM1Q0yUOBxlGG679YRkwYC8=
github.com/seniorescobar/bolha v0.0.0-20190711154104-0ccb9a52fc26/go.mod h1:lm3oOQH1TI4PHs/B1ss30J6q1/0lIfVAQGitozXA7Dg=
github.com/seniorescobar/bolha v0.0.0-20190711161353-624d1296bd76 h1:Vt2Mlxy39jxkJfdLCgyviOkvKtIsGYpKcntb0pMwpuA=
github.com/seniorescobar/bolha v0.0.0-20190711205405-8ce980e8705b h1:GEsDb9WM8e21p9F1XpF9+BC660CrHqhEwEv3P2CTsps=
github.com/seniorescobar/bolha v0.0.0-20190711205405-8ce980e8705b/go.mod h1:lm3oOQH1TI4PHs/B1ss30J6q1/0lIfVAQGitozXA7Dg=
github.com/seniorescobar/bolha v0.0.0-20190712172040-dde92f6bf79e h1:tIOsLXnorvBQgFonHvmX3nUsgZRK2277BIA2ztVn3o4=
github.com/seniorescobar/bolha v0.0.0-20190712172040-dde92f6bf79e/go.mod h1:lm3oOQH1TI4PHs/B1ss30J6q1/0lIfVAQGitozXA7Dg=
github.com/seniorescobar/bolha v0.0.0-20190712175700-776b6a21d854 h1:UsmJ/MRtnc5B3U/VX2G8bNj2RoO1eTLyvlTr2Mw3tcg=
github.com/seniorescobar/bolha v0.0.0-20190712175700-776b6a21d854/go.mod h1:lm3oOQH1TI4PHs/B1ss30J6q1/0lIfVAQGitozXA7Dg=
github.com/seniorescobar/bolha v0.0.0-20190713105555-70f0d729d9f5 h1:SR1sGuvRYBpd42UMZ4M3E76FAeSSGqS1PhpmwScK6DY=
github.com/seniorescobar/bolha v0.0.0-20190713105555-70f0d729d9f5/go.mod h1:lm3oOQH1TI4PHs/B1ss30J6q1/0lIfVAQGitozXA7Dg=
github.com/seniorescobar/bolha v0.0.0-20190715142826-3d890b8058d2 h1:7g94/1REiQ3Ns32ZdhUnuf7HUtKQ8DE324UTI6hhKRM=
github.com/seniorescobar/bolha v0.0.0-20190715142826-3d890b8058d2/go.mod h1:lm3oOQH1TI4PHs/B1ss30J6q1/0lIfVAQGitozXA7Dg=
github.com/seniorescobar/bolha v0.0.0-20190715143515-47f2b4753c03 h1:F286Flai8n/ABPX6O/2/8LmZjuPdQNp/ZT30LDcL8Yo=
github.com/seniorescobar/bolha v0.0.0-20190715143515-47f2b4753c03/go.mod h1:lm3oOQH1TI4PHs/B1ss30J6q1/0lIfVAQGitozXA7Dg=
github.com/seniorescobar/bolha v0.0.0-20190715143759-d619312c4783 h1:32b678rEksQEVPAXWnry/UbbUnAdINCV8uRuY73CLeU=
github.com/seniorescobar/bolha v0.0.0-20190715143759-d619312c4783/go.mod h1:lm3oOQH1TI4PHs/B1ss30J6q1/0lIfVAQGitozXA7Dg=
github.com/seniorescobar/bolha v0.0.0-20190715143847-3ff2e3710dfa h1:X7bLscvOfOZx9RwScBLbufGYx0gEfiNT2GyHtztJirw=
github.com/seniorescobar/bolha v0.0.0-20190715143847-3ff2e3710dfa/go.mod h1:lm3oOQH1TI4PHs/B1ss30J6q1/0lIfVAQGitozXA7Dg=
github.com/seniorescobar/bolha v0.0.0-20190715223011-9eaab4e77b09 h1:FVyd6lYwB647icRrSKbcXm7JB+cPPT0mXw2oQyK/k8I=
github.com/seniorescobar/bolha v0.0.0-20190715223011-9eaab4e77b09/go.mod h1:lm3oOQH1TI4PHs/B1ss30J6q1/0lIfVAQGitozXA7Dg=
github.com/seniorescobar/bolha v0.0.0-20190717113314-fb87889601aa h1:hPMkyDtZEdVnwy8B6CZhBO3ikHM4TH0R4Jrqnjq5u7U=
github.com/seniorescobar/bolha v0.0.0-20190717115426-ad73cdc4be30 h1:uGkdcjoMkszU0EA4VxDPNcOalQobNmu7hS9wtYVDtDk=
github.com/seniorescobar/bolha v0.0.0-20190717115426-ad73cdc4be30/go.mod h1:hIAqeT+/hJopNYPqReyOG3Q5lND6As6fEz6ZeThPE1o=
github.com/seniorescobar/bolha-client v0.0.0-20190709185125-c613c890254c h1:9sAKL2a8NsavQWjSA93bMw9TCBNSY4Y/vOeYsQwTpH4=
github.com/seniorescobar/bolha-client v0.0.0-20190715143847-3ff2e3710dfa h1:KkxifPkrfYpBFVSt4gKqujHED6+HhiCewpkkZN+A5N0=
github.com/seniorescobar/bolha-client v0.0.0-20190717115426-ad73cdc4be30 h1:jkqbvkQ7TDeE18hEFhNMiLUZh00Wp3e+GeqdUailmu4=
github.com/seniorescobar/bolha/client v0.0.0-20190709155913-33edf22a6649 h1:UQtWPzpegSb3ExOoWscjHy9J8LBXGBpGER6CUCTztcs=
github.com/seniorescobar/bolha/client v0.0.0-20190709155913-33edf22a6649/go.mod h1:edXv6PYvffxqw4yoSm+NRfQIW9g7TUDh70TUK2U3Y18=
github.com/seniorescobar/bolha/client v0.0.0-20190709185125-c613c890254c h1:7Wdh9UtcXbRU6Ycj5jPP9iHuIGHYhtm0fZtbNbHSXjU=
github.com/seniorescobar/bolha/client v0.0.0-20190709185125-c613c890254c/go.mod h1:edXv6PYvffxqw4yoSm+NRfQIW9g7TUDh70TUK2U3Y18=
github.com/seniorescobar/bolha/client v0.0.0-20190710093656-ba075c35fc45 h1:9rHj5BrIM/iDZ/th2AMI/ZKrEEXVoAUOI5sWSyItchw=
github.com/seniorescobar/bolha/client v0.0.0-20190710093656-ba075c35fc45/go.mod h1:edXv6PYvffxqw4yoSm+NRfQIW9g7TUDh70TUK2U3Y18=
github.com/seniorescobar/bolha/client v0.0.0-20190710120728-9d2887cc9320 h1:KxKrBbExkjAk/e242Kz86bLy69XWoWOx4pEyB4aXp6g=
github.com/seniorescobar/bolha/client v0.0.0-20190710120728-9d2887cc9320/go.mod h1:edXv6PYvffxqw4yoSm+NRfQIW9g7TUDh70TUK2U3Y18=
github.com/seniorescobar/bolha/client v0.0.0-20190710134703-0f1677ca54ef h1:2ujEJpbvK+GR/YMzjMUH7xKVplhMIyveyXYzua4+T30=
github.com/seniorescobar/bolha/client v0.0.0-20190710134703-0f1677ca54ef/go.mod h1:edXv6PYvffxqw4yoSm+NRfQIW9g7TUDh70TUK2U3Y18=
github.com/seniorescobar/bolha/client v0.0.0-20190710140113-3dfa1dbedb53 h1:NWX4Jh/0BtSWQJCg8y2IboNQAy6fZ9qzORZzUR5nhfY=
github.com/seniorescobar/bolha/client v0.0.0-20190710140113-3dfa1dbedb53/go.mod h1:edXv6PYvffxqw4yoSm+NRfQIW9g7TUDh70TUK2U3Y18=
github.com/seniorescobar/bolha/client v0.0.0-20190710140520-0f813d7e43cc h1:U+5WUCqZs3vglYN1uIFrMzJ7GKVFKqKlXTm5DjbAHMI=
github.com/seniorescobar/bolha/client v0.0.0-20190710140520-0f813d7e43cc/go.mod h1:edXv6PYvffxqw4yoSm+NRfQIW9g7TUDh70TUK2U3Y18=
github.com/seniorescobar/bolha/client v0.0.0-20190711132831-20ef5cf0c7a9 h1:4s1idfO0MQq4EScyIZV8/v5l7Q86o0papCPi9iuk26c=
github.com/seniorescobar/bolha/client v0.0.0-20190711132831-20ef5cf0c7a9/go.mod h1:edXv6PYvffxqw4yoSm+NRfQIW9g7TUDh70TUK2U3Y18=
github.com/seniorescobar/bolha/client v0.0.0-20190711133027-62f015472715 h1:CA9gBVOahWxpKSqrWFSLpIIYau863Q4bqJuMjvD73XU=
github.com/seniorescobar/bolha/client v0.0.0-20190711133027-62f015472715/go.mod h1:edXv6PYvffxqw4yoSm+NRfQIW9g7TUDh70TUK2U3Y18=
github.com/seniorescobar/bolha/client v0.0.0-20190711154104-0ccb9a52fc26 h1:OORi1P7NnyUDrj0/hiGlrobwb5+cD4ThMgo07rFTcjM=
github.com/seniorescobar/bolha/client v0.0.0-20190711154104-0ccb9a52fc26/go.mod h1:edXv6PYvffxqw4yoSm+NRfQIW9g7TUDh70TUK2U3Y18=
github.com/seniorescobar/bolha/client v0.0.0-20190711205405-8ce980e8705b h1:vqyv/Btx+v5zpAuKvDyXNtyDFp67yPSP6HNXZPzpt5U=
github.com/seniorescobar/bolha/client v0.0.0-20190711205405-8ce980e8705b/go.mod h1:edXv6PYvffxqw4yoSm+NRfQIW9g7TUDh70TUK2U3Y18=
github.com/seniorescobar/bolha/client v0.0.0-20190712172040-dde92f6bf79e h1:HS7hZV/3m1WM/36N+kuqXDMRrKA6STfVTtf27m07Nxk=
github.com/seniorescobar/bolha/client v0.0.0-20190712172040-dde92f6bf79e/go.mod h1:edXv6PYvffxqw4yoSm+NRfQIW9g7TUDh70TUK2U3Y18=
github.com/seniorescobar/bolha/client v0.0.0-20190712175700-776b6a21d854 h1:5T1KgQwlAOKnLOrxgPhcaCFWmrfODsjsz2E8KejsSG8=
github.com/seniorescobar/bolha/client v0.0.0-20190712175700-776b6a21d854/go.mod h1:edXv6PYvffxqw4yoSm+NRfQIW9g7TUDh70TUK2U3Y18=
github.com/seniorescobar/bolha/client v0.0.0-20190713105555-70f0d729d9f5 h1:UG2RbgwMaLVlCahNFD67n+gbvSL7iSWAMMCQRgKRsbg=
github.com/seniorescobar/bolha/client v0.0.0-20190713105555-70f0d729d9f5/go.mod h1:CacQJ/HAtXnK9DY8R3t1jFDDRAMlOkxgBdlncCLn9lg=
github.com/seniorescobar/bolha/client v0.0.0-20190715142826-3d890b8058d2 h1:hMNe8e/tjHMafiyZh5dfhfhpgx3IkoNsHL/UZcd6jv8=
github.com/seniorescobar/bolha/client v0.0.0-20190715142826-3d890b8058d2/go.mod h1:fLVaWvqUR7uDEGPXR17UTRl1ofdB0UHpqbjSic0rPY8=
github.com/seniorescobar/bolha/client v0.0.0-20190715143515-47f2b4753c03 h1:p7Ms0EZkTz5vam8w7jOZ6CYm8ppe+liT3TcLkNAxxlc=
github.com/seniorescobar/bolha/client v0.0.0-20190715143515-47f2b4753c03/go.mod h1:fLVaWvqUR7uDEGPXR17UTRl1ofdB0UHpqbjSic0rPY8=
github.com/seniorescobar/bolha/client v0.0.0-20190715143759-d619312c4783 h1:k9lx1++I8Zf651K/Y+GifYWJNmb5rVKPhCDWvBgPw+I=
github.com/seniorescobar/bolha/client v0.0.0-20190715143759-d619312c4783/go.mod h1:fLVaWvqUR7uDEGPXR17UTRl1ofdB0UHpqbjSic0rPY8=
github.com/seniorescobar/bolha/client v0.0.0-20190715143847-3ff2e3710dfa h1:u6Nenf34oYXX8fwq00rsgQ2igm0g1MjGSx5ztIza1Q8=
github.com/seniorescobar/bolha/client v0.0.0-20190715143847-3ff2e3710dfa/go.mod h1:fLVaWvqUR7uDEGPXR17UTRl1ofdB0UHpqbjSic0rPY8=
github.com/seniorescobar/bolha/client v0.0.0-20190715223011-9eaab4e77b09 h1:3W9YUne1DqTzjR0HufqsDp17OOs2GKjNTC2RMbLp3TA=
github.com/seniorescobar/bolha/client v0.0.0-20190715223011-9eaab4e77b09/go.mod h1:fLVaWvqUR7uDEGPXR17UTRl1ofdB0UHpqbjSic0rPY8=
github.com/seniorescobar/bolha/client v0.0.0-20190717115426-ad73cdc4be30 h1:+DGWboqzOhWyyUcUBtrBDkHY6N2hex45Ccg4g/HZrz8=
github.com/seniorescobar/bolha/client v0.0.0-20190717115426-ad73cdc4be30/go.mod h1:fLVaWvqUR7uDEGPXR17UTRl1ofdB0UHpqbjSic0rPY8=
github.com/seniorescobar/bolha/lambda/common v0.0.0-20190711205405-8ce980e8705b h1:hVqObR1o3+GgvHGFBnyhsROh7I9nUngGbMWdJWO+nQQ=
github.com/seniorescobar/bolha/lambda/common v0.0.0-20190711205405-8ce980e8705b/go.mod h1:7d+1IVoKBVbJ39Ev/wXAAoYCjjkoYQD3AjLnim889wo=
github.com/seniorescobar/bolha/lambda/common v0.0.0-20190712172040-dde92f6bf79e h1:FxXd68bmTrVNGKSTIxjTs+LRiejII+fviknWevfcsmE=
github.com/seniorescobar/bolha/lambda/common v0.0.0-20190712172040-dde92f6bf79e/go.mod h1:f1jPj/t7MlgA2XR/kwr5/+1kXh8om13VdNV3qwZXM10=
github.com/seniorescobar/bolha/lambda/common v0.0.0-20190712175700-776b6a21d854 h1:o7gXq860HCqunuc53vrg4JgpazFrkQF/OYUASUc7bCI=
github.com/seniorescobar/bolha/lambda/common v0.0.0-20190712175700-776b6a21d854/go.mod h1:f1jPj/t7MlgA2XR/kwr5/+1kXh8om13VdNV3qwZXM10=
github.com/seniorescobar/bolha/lambda/common v0.0.0-20190713105555-70f0d729d9f5 h1:NPSr7gk2uVkTceUJejeFW3zEbcUQDemLUR9WtBdg3H8=
github.com/seniorescobar/bolha/lambda/common v0.0.0-20190713105555-70f0d729d9f5/go.mod h1:f1jPj/t7MlgA2XR/kwr5/+1kXh8om13VdNV3qwZXM10=
github.com/seniorescobar/bolha/lambda/common v0.0.0-20190715142826-3d890b8058d2 h1:tSM3+0lIDMm76xSHF6ScBLqom5Nxdxh5WRSenaq2ppk=
github.com/seniorescobar/bolha/lambda/common v0.0.0-20190715142826-3d890b8058d2/go.mod h1:f1jPj/t7MlgA2XR/kwr5/+1kXh8om13VdNV3qwZXM10=
github.com/seniorescobar/bolha/lambda/common v0.0.0-20190715143515-47f2b4753c03 h1:GB//egyIrn7NSLjPmhRhzTOuWmc8WdkFBr7hIcA9Fuo=
github.com/seniorescobar/bolha/lambda/common v0.0.0-20190715143515-47f2b4753c03/go.mod h1:f1jPj/t7MlgA2XR/kwr5/+1kXh8om13VdNV3qwZXM10=
github.com/seniorescobar/bolha/lambda/common v0.0.0-20190715143759-d619312c4783 h1:IL0ZWcOSnAzgWJn+/4JJWdlVcOJ6xkjjnJyBlUPfMEc=
github.com/seniorescobar/bolha/lambda/common v0.0.0-20190715143759-d619312c4783/go.mod h1:f1jPj/t7MlgA2XR/kwr5/+1kXh8om13VdNV3qwZXM10=
github.com/seniorescobar/bolha/lambda/common v0.0.0-20190715143847-3ff2e3710dfa h1:izlibg1j2oy2wU9qcLHDNKE4mTIgtOKjgEjfLdnwF70=
github.com/seniorescobar/bolha/lambda/common v0.0.0-20190715143847-3ff2e3710dfa/go.mod h1:f1jPj/t7MlgA2XR/kwr5/+1kXh8om13VdNV3qwZXM10=
github.com/seniorescobar/bolha/lambda/common v0.0.0-20190715223011-9eaab4e77b09 h1:8KJtJOrKf9AIK3Rc2lQ2dOvW+9Qv6g8WHdwx5HzOWbw=
github.com/seniorescobar/bolha/lambda/common v0.0.0-20190715223011-9eaab4e77b09/go.mod h1:f1jPj/t7MlgA2XR/kwr5/+1kXh8om13VdNV3qwZXM10=
github.com/seniorescobar/bolha/lambda/common v0.0.0-20190717115426-ad73cdc4be30 h1:jNaZb4Jt0ZqKwGHLrAgvl9U65REI9KKOFT1ljfYgeC4=
github.com/seniorescobar/bolha/lambda/common v0.0.0-20190717115426-ad73cdc4be30/go.mod h1:f1jPj/t7MlgA2XR/kwr5/+1kXh8om13VdNV3qwZXM10=
github.com/sirupsen/logrus v1.4.2 h1:SPIRibHv4MatM3XXNO2BJeFLZwZ2LvZgfQ5+UNI2im4=
github.com/sirupsen/logrus v1.4.2/go.mod h1:tLMulIdttU9McNUspp0xgXVQah82FyeX6MwdIuYE2rE=
github.com/stretchr/objx v0.1.0/go.mod h1:HFkY916IF+rwdDfMAkV7OtwuqBVzrE8GR6GFx+wExME=
github.com/stretchr/objx v0.1.1/go.mod h1:HFkY916IF+rwdDfMAkV7OtwuqBVzrE8GR6GFx+wExME=
github.com/stretchr/objx v0.2.0/go.mod h1:qt09Ya8vawLte6SNmTgCsAVtYtaKzEcn8ATUoHMkEqE=
github.com/stretchr/testify v1.2.1/go.mod h1:a8OnRcib4nhh0OaRAV+Yts87kKdq0PP7pXfy6kDkUVs=
github.com/stretchr/testify v1.2.2/go.mod h1:a8OnRcib4nhh0OaRAV+Yts87kKdq0PP7pXfy6kDkUVs=
github.com/stretchr/testify v1.3.0 h1:TivCn/peBQ7UY8ooIcPgZFpTNSz0Q2U6UrFlUfqbe0Q=
github.com/stretchr/testify v1.3.0/go.mod h1:M5WIy9Dh21IEIfnGCwXGc5bZfKNJtfHm1UVUgZn+9EI=
golang.org/x/arch v0.0.0-20190312162104-788fe5ffcd8c h1:Rx/HTKi09myZ25t1SOlDHmHOy/mKxNAcu0hP1oPX9qM=
golang.org/x/arch v0.0.0-20190312162104-788fe5ffcd8c/go.mod h1:flIaEI6LNU6xOCD5PaJvn9wGP0agmIOqjrtsKGRguv4=
golang.org/x/crypto v0.0.0-20190308221718-c2843e01d9a2/go.mod h1:djNgcEr1/C05ACkg1iLfiJU5Ep61QUkGW8qpdssI0+w=
golang.org/x/crypto v0.0.0-20190701094942-4def268fd1a4 h1:HuIa8hRrWRSrqYzx1qI49NNxhdi2PrY7gxVSq1JjLDc=
golang.org/x/crypto v0.0.0-20190701094942-4def268fd1a4/go.mod h1:yigFU9vqHzYiE8UmvKecakEJjdnWj3jj499lnFckfCI=
golang.org/x/net v0.0.0-20190404232315-eb5bcb51f2a3/go.mod h1:t9HGtf8HONx5eT2rtn7q6eTqICYqUVnKs3thJo3Qplg=
golang.org/x/net v0.0.0-20190620200207-3b0461eec859/go.mod h1:z5CRVTTTmAJ677TzLLGU+0bjPO0LkuOLi4/5GtJWs/s=
golang.org/x/net v0.0.0-20190628185345-da137c7871d7 h1:rTIdg5QFRR7XCaK4LCjBiPbx8j4DQRpdYMnGn/bJUEU=
golang.org/x/net v0.0.0-20190628185345-da137c7871d7/go.mod h1:z5CRVTTTmAJ677TzLLGU+0bjPO0LkuOLi4/5GtJWs/s=
golang.org/x/sync v0.0.0-20190423024810-112230192c58/go.mod h1:RxMgew5VJxzue5/jJTE5uejpjVlOe/izrB70Jof72aM=
golang.org/x/sys v0.0.0-20190215142949-d0b11bdaac8a/go.mod h1:STP8DvDyc/dI5b8T5hshtkjS+E42TnysNCUPdjciGhY=
golang.org/x/sys v0.0.0-20190412213103-97732733099d/go.mod h1:h1NjWce9XRLGQEsW7wpKNCjG9DtNlClVuFLEZdDNbEs=
golang.org/x/sys v0.0.0-20190422165155-953cdadca894 h1:Cz4ceDQGXuKRnVBDTS23GTn/pU5OE2C0WrNTOYK1Uuc=
golang.org/x/sys v0.0.0-20190422165155-953cdadca894/go.mod h1:h1NjWce9XRLGQEsW7wpKNCjG9DtNlClVuFLEZdDNbEs=
golang.org/x/sys v0.0.0-20190626221950-04f50cda93cb h1:fgwFCsaw9buMuxNd6+DQfAuSFqbNiQZpcgJQAgJsK6k=
golang.org/x/sys v0.0.0-20190626221950-04f50cda93cb/go.mod h1:h1NjWce9XRLGQEsW7wpKNCjG9DtNlClVuFLEZdDNbEs=
golang.org/x/sys v0.0.0-20190710143415-6ec70d6a5542 h1:6ZQFf1D2YYDDI7eSwW8adlkkavTB9sw5I24FVtEvNUQ=
golang.org/x/sys v0.0.0-20190710143415-6ec70d6a5542/go.mod h1:h1NjWce9XRLGQEsW7wpKNCjG9DtNlClVuFLEZdDNbEs=
golang.org/x/sys v0.0.0-20190712062909-fae7ac547cb7 h1:LepdCS8Gf/MVejFIt8lsiexZATdoGVyp5bcyS+rYoUI=
golang.org/x/sys v0.0.0-20190712062909-fae7ac547cb7/go.mod h1:h1NjWce9XRLGQEsW7wpKNCjG9DtNlClVuFLEZdDNbEs=
golang.org/x/text v0.3.0/go.mod h1:NqM8EUOU14njkJ3fqMW+pc6Ldnwhi/IjpwHt7yyuwOQ=
golang.org/x/text v0.3.2 h1:tW2bmiBqwgJj/UpqtC8EpXEZVYOwU0yG4iWbprSVAcs=
golang.org/x/text v0.3.2/go.mod h1:bEr9sfX3Q8Zfm5fL9x+3itogRgK3+ptLWKqgva+5dAk=
golang.org/x/tools v0.0.0-20180917221912-90fa682c2a6e/go.mod h1:n7NCudcB/nEzxVGmLbDWY5pfWTLqBcC2KZ6jyYvM4mQ=
golang.org/x/tools v0.0.0-20190709184527-e491332ed8cc/go.mod h1:jcCCGcm9btYwXyDqrUWc6MKQKKGJCWEQ3AfLSRIbEuI=
golang.org/x/tools v0.0.0-20190709211700-7b25e351ac0e/go.mod h1:jcCCGcm9btYwXyDqrUWc6MKQKKGJCWEQ3AfLSRIbEuI=
golang.org/x/tools v0.0.0-20190710184609-286818132824/go.mod h1:jcCCGcm9btYwXyDqrUWc6MKQKKGJCWEQ3AfLSRIbEuI=
golang.org/x/tools v0.0.0-20190711191110-9a621aea19f8/go.mod h1:jcCCGcm9btYwXyDqrUWc6MKQKKGJCWEQ3AfLSRIbEuI=
golang.org/x/tools v0.0.0-20190712162323-d5f455491e2f/go.mod h1:jcCCGcm9btYwXyDqrUWc6MKQKKGJCWEQ3AfLSRIbEuI=
golang.org/x/tools v0.0.0-20190712213246-8b927904ee0d/go.mod h1:jcCCGcm9btYwXyDqrUWc6MKQKKGJCWEQ3AfLSRIbEuI=
golang.org/x/tools v0.0.0-20190715044752-607ca053a137/go.mod h1:jcCCGcm9btYwXyDqrUWc6MKQKKGJCWEQ3AfLSRIbEuI=
golang.org/x/tools v0.0.0-20190715172921-9e48ab1d90cd/go.mod h1:jcCCGcm9btYwXyDqrUWc6MKQKKGJCWEQ3AfLSRIbEuI=
golang.org/x/tools v0.0.0-20190715221914-9b2cb0e5f602/go.mod h1:jcCCGcm9btYwXyDqrUWc6MKQKKGJCWEQ3AfLSRIbEuI=
golang.org/x/tools v0.0.0-20190716221150-e98af2309876/go.mod h1:jcCCGcm9btYwXyDqrUWc6MKQKKGJCWEQ3AfLSRIbEuI=
golang.org/x/tools v0.0.0-20190717194535-128ec6dfca09/go.mod h1:jcCCGcm9btYwXyDqrUWc6MKQKKGJCWEQ3AfLSRIbEuI=
gopkg.in/urfave/cli.v1 v1.20.0/go.mod h1:vuBzUtMdQeixQj8LVd+/98pzhxNGQoyuPBlsXHOQNO0=
rsc.io/pdf v0.1.1/go.mod h1:n8OzWcQ6Sp37PL01nO98y4iUCRdTGarVfzxY20ICaU4=
